
Microsoft Visual Studio Solution File, Format Version 12.00
# Visual Studio Version 17
VisualStudioVersion = 17.9.34728.123
MinimumVisualStudioVersion = 10.0.40219.1
Project("{9A19103F-16F7-4668-BE54-9A1E7A4F7556}") = "BankManagment", "course_project\BankManagment.csproj", "{368DCAC1-9BDB-40A8-AF76-95B06BCDDF01}"
EndProject
Global
	GlobalSection(SolutionConfigurationPlatforms) = preSolution
		Debug|Any CPU = Debug|Any CPU
		Release|Any CPU = Release|Any CPU
	EndGlobalSection
	GlobalSection(ProjectConfigurationPlatforms) = postSolution
		{368DCAC1-9BDB-40A8-AF76-95B06BCDDF01}.Debug|Any CPU.ActiveCfg = Debug|Any CPU
		{368DCAC1-9BDB-40A8-AF76-95B06BCDDF01}.Debug|Any CPU.Build.0 = Debug|Any CPU
		{368DCAC1-9BDB-40A8-AF76-95B06BCDDF01}.Release|Any CPU.ActiveCfg = Release|Any CPU
		{368DCAC1-9BDB-40A8-AF76-95B06BCDDF01}.Release|Any CPU.Build.0 = Release|Any CPU
	EndGlobalSection
	GlobalSection(SolutionProperties) = preSolution
		HideSolutionNode = FALSE
	EndGlobalSection
	GlobalSection(ExtensibilityGlobals) = postSolution
		SolutionGuid = {DDCEA74D-512B-4C26-A648-95D6D10D5B7F}
	EndGlobalSection
EndGlobal
